
Microsoft Visual Studio Solution File, Format Version 12.00
# Visual Studio Version 16
VisualStudioVersion = 25.0.1705.2
MinimumVisualStudioVersion = 10.0.40219.1
Project("{FAE04EC0-301F-11D3-BF4B-00C04F79EFBC}") = "blog", "blog\blog.csproj", "{8A65ED72-0DCB-4FAE-B7F9-AC8A702F4F8D}"
EndProject
Global
	GlobalSection(SolutionConfigurationPlatforms) = preSolution
		Debug|Any CPU = Debug|Any CPU
		Release|Any CPU = Release|Any CPU
	EndGlobalSection
	GlobalSection(ProjectConfigurationPlatforms) = postSolution
		{8A65ED72-0DCB-4FAE-B7F9-AC8A702F4F8D}.Debug|Any CPU.ActiveCfg = Debug|Any CPU
		{8A65ED72-0DCB-4FAE-B7F9-AC8A702F4F8D}.Debug|Any CPU.Build.0 = Debug|Any CPU
		{8A65ED72-0DCB-4FAE-B7F9-AC8A702F4F8D}.Release|Any CPU.ActiveCfg = Release|Any CPU
		{8A65ED72-0DCB-4FAE-B7F9-AC8A702F4F8D}.Release|Any CPU.Build.0 = Release|Any CPU
	EndGlobalSection
	GlobalSection(SolutionProperties) = preSolution
		HideSolutionNode = FALSE
	EndGlobalSection
	GlobalSection(ExtensibilityGlobals) = postSolution
		SolutionGuid = {4DFF13ED-8484-4575-B082-2047EAB752DD}
	EndGlobalSection
EndGlobal
